
Microsoft Visual Studio Solution File, Format Version 12.00
# Visual Studio Version 17
VisualStudioVersion = 17.4.33103.184
MinimumVisualStudioVersion = 10.0.40219.1
Project("{9A19103F-16F7-4668-BE54-9A1E7A4F7556}") = "DataAccess", "DataAccess\DataAccess.csproj", "{BF54B0BD-81B4-49A8-B538-76F302410E03}"
EndProject
Project("{9A19103F-16F7-4668-BE54-9A1E7A4F7556}") = "Business", "Business\Business.csproj", "{F7499234-3CC1-4B6C-8B85-AB1618D3DDF2}"
EndProject
Project("{9A19103F-16F7-4668-BE54-9A1E7A4F7556}") = "WebAPI", "WebAPI\WebAPI.csproj", "{6991A789-8B75-441B-8533-A184A48AB47D}"
EndProject
Project("{9A19103F-16F7-4668-BE54-9A1E7A4F7556}") = "Entities", "Entities\Entities.csproj", "{828DC47D-CAE4-446A-8E99-50DAB5A02736}"
EndProject
Project("{9A19103F-16F7-4668-BE54-9A1E7A4F7556}") = "Core", "Core\Core.csproj", "{961D986A-05B3-4F8B-A44D-2E9F6E459460}"
EndProject
Project("{FAE04EC0-301F-11D3-BF4B-00C04F79EFBC}") = "PaymentAPI", "PaymentAPI\PaymentAPI.csproj", "{81469234-2A82-45C1-949B-B0A9CB38C5A5}"
EndProject
Global
	GlobalSection(SolutionConfigurationPlatforms) = preSolution
		Debug|Any CPU = Debug|Any CPU
		Release|Any CPU = Release|Any CPU
	EndGlobalSection
	GlobalSection(ProjectConfigurationPlatforms) = postSolution
		{BF54B0BD-81B4-49A8-B538-76F302410E03}.Debug|Any CPU.ActiveCfg = Debug|Any CPU
		{BF54B0BD-81B4-49A8-B538-76F302410E03}.Debug|Any CPU.Build.0 = Debug|Any CPU
		{BF54B0BD-81B4-49A8-B538-76F302410E03}.Release|Any CPU.ActiveCfg = Release|Any CPU
		{BF54B0BD-81B4-49A8-B538-76F302410E03}.Release|Any CPU.Build.0 = Release|Any CPU
		{F7499234-3CC1-4B6C-8B85-AB1618D3DDF2}.Debug|Any CPU.ActiveCfg = Debug|Any CPU
		{F7499234-3CC1-4B6C-8B85-AB1618D3DDF2}.Debug|Any CPU.Build.0 = Debug|Any CPU
		{F7499234-3CC1-4B6C-8B85-AB1618D3DDF2}.Release|Any CPU.ActiveCfg = Release|Any CPU
		{F7499234-3CC1-4B6C-8B85-AB1618D3DDF2}.Release|Any CPU.Build.0 = Release|Any CPU
		{6991A789-8B75-441B-8533-A184A48AB47D}.Debug|Any CPU.ActiveCfg = Debug|Any CPU
		{6991A789-8B75-441B-8533-A184A48AB47D}.Debug|Any CPU.Build.0 = Debug|Any CPU
		{6991A789-8B75-441B-8533-A184A48AB47D}.Release|Any CPU.ActiveCfg = Release|Any CPU
		{6991A789-8B75-441B-8533-A184A48AB47D}.Release|Any CPU.Build.0 = Release|Any CPU
		{828DC47D-CAE4-446A-8E99-50DAB5A02736}.Debug|Any CPU.ActiveCfg = Debug|Any CPU
		{828DC47D-CAE4-446A-8E99-50DAB5A02736}.Debug|Any CPU.Build.0 = Debug|Any CPU
		{828DC47D-CAE4-446A-8E99-50DAB5A02736}.Release|Any CPU.ActiveCfg = Release|Any CPU
		{828DC47D-CAE4-446A-8E99-50DAB5A02736}.Release|Any CPU.Build.0 = Release|Any CPU
		{961D986A-05B3-4F8B-A44D-2E9F6E459460}.Debug|Any CPU.ActiveCfg = Debug|Any CPU
		{961D986A-05B3-4F8B-A44D-2E9F6E459460}.Debug|Any CPU.Build.0 = Debug|Any CPU
		{961D986A-05B3-4F8B-A44D-2E9F6E459460}.Release|Any CPU.ActiveCfg = Release|Any CPU
		{961D986A-05B3-4F8B-A44D-2E9F6E459460}.Release|Any CPU.Build.0 = Release|Any CPU
		{81469234-2A82-45C1-949B-B0A9CB38C5A5}.Debug|Any CPU.ActiveCfg = Debug|Any CPU
		{81469234-2A82-45C1-949B-B0A9CB38C5A5}.Debug|Any CPU.Build.0 = Debug|Any CPU
		{81469234-2A82-45C1-949B-B0A9CB38C5A5}.Release|Any CPU.ActiveCfg = Release|Any CPU
		{81469234-2A82-45C1-949B-B0A9CB38C5A5}.Release|Any CPU.Build.0 = Release|Any CPU
	EndGlobalSection
	GlobalSection(SolutionProperties) = preSolution
		HideSolutionNode = FALSE
	EndGlobalSection
	GlobalSection(ExtensibilityGlobals) = postSolution
		SolutionGuid = {DE021FB9-7E51-4069-8C3E-9E1F28144266}
	EndGlobalSection
EndGlobal
